
Microsoft Visual Studio Solution File, Format Version 12.00
# Visual Studio Version 16
VisualStudioVersion = 16.0.29009.5
MinimumVisualStudioVersion = 10.0.40219.1
Project("{FAE04EC0-301F-11D3-BF4B-00C04F79EFBC}") = "Core.Interface.Dal", "Core.Interface.Dal\Core.Interface.Dal.csproj", "{009FC3CB-63B5-4ADC-B048-6EF064940969}"
EndProject
Project("{9A19103F-16F7-4668-BE54-9A1E7A4F7556}") = "Core.Interface", "..\Core.Interface\Core.Interface\Core.Interface.csproj", "{C64FECD5-D6E4-471A-9980-28262C58B1C3}"
EndProject
Global
	GlobalSection(SolutionConfigurationPlatforms) = preSolution
		Debug|Any CPU = Debug|Any CPU
		Release|Any CPU = Release|Any CPU
	EndGlobalSection
	GlobalSection(ProjectConfigurationPlatforms) = postSolution
		{009FC3CB-63B5-4ADC-B048-6EF064940969}.Debug|Any CPU.ActiveCfg = Debug|Any CPU
		{009FC3CB-63B5-4ADC-B048-6EF064940969}.Debug|Any CPU.Build.0 = Debug|Any CPU
		{009FC3CB-63B5-4ADC-B048-6EF064940969}.Release|Any CPU.ActiveCfg = Release|Any CPU
		{009FC3CB-63B5-4ADC-B048-6EF064940969}.Release|Any CPU.Build.0 = Release|Any CPU
		{C64FECD5-D6E4-471A-9980-28262C58B1C3}.Debug|Any CPU.ActiveCfg = Debug|Any CPU
		{C64FECD5-D6E4-471A-9980-28262C58B1C3}.Debug|Any CPU.Build.0 = Debug|Any CPU
		{C64FECD5-D6E4-471A-9980-28262C58B1C3}.Release|Any CPU.ActiveCfg = Release|Any CPU
		{C64FECD5-D6E4-471A-9980-28262C58B1C3}.Release|Any CPU.Build.0 = Release|Any CPU
	EndGlobalSection
	GlobalSection(SolutionProperties) = preSolution
		HideSolutionNode = FALSE
	EndGlobalSection
	GlobalSection(ExtensibilityGlobals) = postSolution
		SolutionGuid = {BB52729C-9440-4612-BE76-4D507EB5B094}
	EndGlobalSection
EndGlobal
