
Microsoft Visual Studio Solution File, Format Version 12.00
# Visual Studio Version 16
VisualStudioVersion = 16.0.29009.5
MinimumVisualStudioVersion = 10.0.40219.1
Project("{FAE04EC0-301F-11D3-BF4B-00C04F79EFBC}") = "Core.WebAPI", "Core.WebAPI\Core.WebAPI.csproj", "{3B9D1F20-5CC4-46D3-93D6-8E51E8E92B90}"
EndProject
Project("{FAE04EC0-301F-11D3-BF4B-00C04F79EFBC}") = "Core.Controller", "..\Core.Controller\Core.Controller\Core.Controller.csproj", "{F463887B-8E31-43FC-A0F3-8D3B9FD2A46E}"
EndProject
Project("{FAE04EC0-301F-11D3-BF4B-00C04F79EFBC}") = "Core.Model", "..\Core.Model\Core.Model\Core.Model.csproj", "{F725A270-338D-46FC-AE96-4318F9A5BCA3}"
EndProject
Project("{FAE04EC0-301F-11D3-BF4B-00C04F79EFBC}") = "Core.Interface.Model", "..\Core.Interface.Model\Core.Interface.Model\Core.Interface.Model.csproj", "{CFFD3B81-74BF-4F12-8AB1-F5BDDE4793FC}"
EndProject
Global
	GlobalSection(SolutionConfigurationPlatforms) = preSolution
		Debug|Any CPU = Debug|Any CPU
		Release|Any CPU = Release|Any CPU
	EndGlobalSection
	GlobalSection(ProjectConfigurationPlatforms) = postSolution
		{3B9D1F20-5CC4-46D3-93D6-8E51E8E92B90}.Debug|Any CPU.ActiveCfg = Debug|Any CPU
		{3B9D1F20-5CC4-46D3-93D6-8E51E8E92B90}.Debug|Any CPU.Build.0 = Debug|Any CPU
		{3B9D1F20-5CC4-46D3-93D6-8E51E8E92B90}.Release|Any CPU.ActiveCfg = Release|Any CPU
		{3B9D1F20-5CC4-46D3-93D6-8E51E8E92B90}.Release|Any CPU.Build.0 = Release|Any CPU
		{F463887B-8E31-43FC-A0F3-8D3B9FD2A46E}.Debug|Any CPU.ActiveCfg = Debug|Any CPU
		{F463887B-8E31-43FC-A0F3-8D3B9FD2A46E}.Debug|Any CPU.Build.0 = Debug|Any CPU
		{F463887B-8E31-43FC-A0F3-8D3B9FD2A46E}.Release|Any CPU.ActiveCfg = Release|Any CPU
		{F463887B-8E31-43FC-A0F3-8D3B9FD2A46E}.Release|Any CPU.Build.0 = Release|Any CPU
		{F725A270-338D-46FC-AE96-4318F9A5BCA3}.Debug|Any CPU.ActiveCfg = Debug|Any CPU
		{F725A270-338D-46FC-AE96-4318F9A5BCA3}.Debug|Any CPU.Build.0 = Debug|Any CPU
		{F725A270-338D-46FC-AE96-4318F9A5BCA3}.Release|Any CPU.ActiveCfg = Release|Any CPU
		{F725A270-338D-46FC-AE96-4318F9A5BCA3}.Release|Any CPU.Build.0 = Release|Any CPU
		{CFFD3B81-74BF-4F12-8AB1-F5BDDE4793FC}.Debug|Any CPU.ActiveCfg = Debug|Any CPU
		{CFFD3B81-74BF-4F12-8AB1-F5BDDE4793FC}.Debug|Any CPU.Build.0 = Debug|Any CPU
		{CFFD3B81-74BF-4F12-8AB1-F5BDDE4793FC}.Release|Any CPU.ActiveCfg = Release|Any CPU
		{CFFD3B81-74BF-4F12-8AB1-F5BDDE4793FC}.Release|Any CPU.Build.0 = Release|Any CPU
	EndGlobalSection
	GlobalSection(SolutionProperties) = preSolution
		HideSolutionNode = FALSE
	EndGlobalSection
	GlobalSection(ExtensibilityGlobals) = postSolution
		SolutionGuid = {464C3726-3B99-48F1-A2FD-F2E031C9B376}
	EndGlobalSection
EndGlobal
