
Microsoft Visual Studio Solution File, Format Version 12.00
# Visual Studio Version 16
VisualStudioVersion = 16.0.29009.5
MinimumVisualStudioVersion = 10.0.40219.1
Project("{FAE04EC0-301F-11D3-BF4B-00C04F79EFBC}") = "Core.Controller", "Core.Controller\Core.Controller.csproj", "{6D684F71-620D-4057-9E72-18BB0447D203}"
EndProject
Global
	GlobalSection(SolutionConfigurationPlatforms) = preSolution
		Debug|Any CPU = Debug|Any CPU
		Release|Any CPU = Release|Any CPU
	EndGlobalSection
	GlobalSection(ProjectConfigurationPlatforms) = postSolution
		{6D684F71-620D-4057-9E72-18BB0447D203}.Debug|Any CPU.ActiveCfg = Debug|Any CPU
		{6D684F71-620D-4057-9E72-18BB0447D203}.Debug|Any CPU.Build.0 = Debug|Any CPU
		{6D684F71-620D-4057-9E72-18BB0447D203}.Release|Any CPU.ActiveCfg = Release|Any CPU
		{6D684F71-620D-4057-9E72-18BB0447D203}.Release|Any CPU.Build.0 = Release|Any CPU
	EndGlobalSection
	GlobalSection(SolutionProperties) = preSolution
		HideSolutionNode = FALSE
	EndGlobalSection
	GlobalSection(ExtensibilityGlobals) = postSolution
		SolutionGuid = {266BEDCB-7CB2-4F11-A490-9D689ED90931}
	EndGlobalSection
EndGlobal
