
Microsoft Visual Studio Solution File, Format Version 12.00
# Visual Studio Version 16
VisualStudioVersion = 16.0.29009.5
MinimumVisualStudioVersion = 10.0.40219.1
Project("{9A19103F-16F7-4668-BE54-9A1E7A4F7556}") = "Core.Controller", "Core.Controller\Core.Controller.csproj", "{6D684F71-620D-4057-9E72-18BB0447D203}"
EndProject
Project("{9A19103F-16F7-4668-BE54-9A1E7A4F7556}") = "Core.Interface", "..\Core.Interface\Core.Interface\Core.Interface.csproj", "{2D83B7CC-988B-4BD7-922F-3FFC857478BA}"
EndProject
Project("{9A19103F-16F7-4668-BE54-9A1E7A4F7556}") = "Core.Model", "..\Core.Model\Core.Model\Core.Model.csproj", "{F31E3BED-22C4-4723-9107-02F29399C536}"
EndProject
Project("{9A19103F-16F7-4668-BE54-9A1E7A4F7556}") = "Core.Interface.Dal", "..\Core.Interface.Dal\Core.Interface.Dal\Core.Interface.Dal.csproj", "{13F64AEB-4DFF-46E9-BC55-7BAA4B8AC690}"
EndProject
Global
	GlobalSection(SolutionConfigurationPlatforms) = preSolution
		Debug|Any CPU = Debug|Any CPU
		Release|Any CPU = Release|Any CPU
	EndGlobalSection
	GlobalSection(ProjectConfigurationPlatforms) = postSolution
		{6D684F71-620D-4057-9E72-18BB0447D203}.Debug|Any CPU.ActiveCfg = Debug|Any CPU
		{6D684F71-620D-4057-9E72-18BB0447D203}.Debug|Any CPU.Build.0 = Debug|Any CPU
		{6D684F71-620D-4057-9E72-18BB0447D203}.Release|Any CPU.ActiveCfg = Release|Any CPU
		{6D684F71-620D-4057-9E72-18BB0447D203}.Release|Any CPU.Build.0 = Release|Any CPU
		{2D83B7CC-988B-4BD7-922F-3FFC857478BA}.Debug|Any CPU.ActiveCfg = Debug|Any CPU
		{2D83B7CC-988B-4BD7-922F-3FFC857478BA}.Debug|Any CPU.Build.0 = Debug|Any CPU
		{2D83B7CC-988B-4BD7-922F-3FFC857478BA}.Release|Any CPU.ActiveCfg = Release|Any CPU
		{2D83B7CC-988B-4BD7-922F-3FFC857478BA}.Release|Any CPU.Build.0 = Release|Any CPU
		{F31E3BED-22C4-4723-9107-02F29399C536}.Debug|Any CPU.ActiveCfg = Debug|Any CPU
		{F31E3BED-22C4-4723-9107-02F29399C536}.Debug|Any CPU.Build.0 = Debug|Any CPU
		{F31E3BED-22C4-4723-9107-02F29399C536}.Release|Any CPU.ActiveCfg = Release|Any CPU
		{F31E3BED-22C4-4723-9107-02F29399C536}.Release|Any CPU.Build.0 = Release|Any CPU
		{13F64AEB-4DFF-46E9-BC55-7BAA4B8AC690}.Debug|Any CPU.ActiveCfg = Debug|Any CPU
		{13F64AEB-4DFF-46E9-BC55-7BAA4B8AC690}.Debug|Any CPU.Build.0 = Debug|Any CPU
		{13F64AEB-4DFF-46E9-BC55-7BAA4B8AC690}.Release|Any CPU.ActiveCfg = Release|Any CPU
		{13F64AEB-4DFF-46E9-BC55-7BAA4B8AC690}.Release|Any CPU.Build.0 = Release|Any CPU
	EndGlobalSection
	GlobalSection(SolutionProperties) = preSolution
		HideSolutionNode = FALSE
	EndGlobalSection
	GlobalSection(ExtensibilityGlobals) = postSolution
		SolutionGuid = {266BEDCB-7CB2-4F11-A490-9D689ED90931}
	EndGlobalSection
EndGlobal
