
Microsoft Visual Studio Solution File, Format Version 12.00
# Visual Studio Version 16
VisualStudioVersion = 16.0.29009.5
MinimumVisualStudioVersion = 10.0.40219.1
Project("{9A19103F-16F7-4668-BE54-9A1E7A4F7556}") = "Core.Model", "Core.Model\Core.Model.csproj", "{8DD59DA7-5FC9-49D8-B6BF-46D8B8E4F702}"
EndProject
Project("{9A19103F-16F7-4668-BE54-9A1E7A4F7556}") = "Core.Interface", "..\Core.Interface\Core.Interface\Core.Interface.csproj", "{7E43D9DC-37AF-4EBB-B72E-A62A3A1C271B}"
EndProject
Global
	GlobalSection(SolutionConfigurationPlatforms) = preSolution
		Debug|Any CPU = Debug|Any CPU
		Release|Any CPU = Release|Any CPU
	EndGlobalSection
	GlobalSection(ProjectConfigurationPlatforms) = postSolution
		{8DD59DA7-5FC9-49D8-B6BF-46D8B8E4F702}.Debug|Any CPU.ActiveCfg = Debug|Any CPU
		{8DD59DA7-5FC9-49D8-B6BF-46D8B8E4F702}.Debug|Any CPU.Build.0 = Debug|Any CPU
		{8DD59DA7-5FC9-49D8-B6BF-46D8B8E4F702}.Release|Any CPU.ActiveCfg = Release|Any CPU
		{8DD59DA7-5FC9-49D8-B6BF-46D8B8E4F702}.Release|Any CPU.Build.0 = Release|Any CPU
		{7E43D9DC-37AF-4EBB-B72E-A62A3A1C271B}.Debug|Any CPU.ActiveCfg = Debug|Any CPU
		{7E43D9DC-37AF-4EBB-B72E-A62A3A1C271B}.Debug|Any CPU.Build.0 = Debug|Any CPU
		{7E43D9DC-37AF-4EBB-B72E-A62A3A1C271B}.Release|Any CPU.ActiveCfg = Release|Any CPU
		{7E43D9DC-37AF-4EBB-B72E-A62A3A1C271B}.Release|Any CPU.Build.0 = Release|Any CPU
	EndGlobalSection
	GlobalSection(SolutionProperties) = preSolution
		HideSolutionNode = FALSE
	EndGlobalSection
	GlobalSection(ExtensibilityGlobals) = postSolution
		SolutionGuid = {C0F26C8D-6D91-48A8-90FD-B2F9A9311B11}
	EndGlobalSection
EndGlobal
