
Microsoft Visual Studio Solution File, Format Version 12.00
# Visual Studio Version 16
VisualStudioVersion = 16.0.29009.5
MinimumVisualStudioVersion = 10.0.40219.1
Project("{FAE04EC0-301F-11D3-BF4B-00C04F79EFBC}") = "Core.Model", "Core.Model\Core.Model.csproj", "{F725A270-338D-46FC-AE96-4318F9A5BCA3}"
EndProject
Project("{FAE04EC0-301F-11D3-BF4B-00C04F79EFBC}") = "Core.Interface.Model", "..\Core.Interface.Model\Core.Interface.Model\Core.Interface.Model.csproj", "{CFFD3B81-74BF-4F12-8AB1-F5BDDE4793FC}"
EndProject
Global
	GlobalSection(SolutionConfigurationPlatforms) = preSolution
		Debug|Any CPU = Debug|Any CPU
		Release|Any CPU = Release|Any CPU
	EndGlobalSection
	GlobalSection(ProjectConfigurationPlatforms) = postSolution
		{F725A270-338D-46FC-AE96-4318F9A5BCA3}.Debug|Any CPU.ActiveCfg = Debug|Any CPU
		{F725A270-338D-46FC-AE96-4318F9A5BCA3}.Debug|Any CPU.Build.0 = Debug|Any CPU
		{F725A270-338D-46FC-AE96-4318F9A5BCA3}.Release|Any CPU.ActiveCfg = Release|Any CPU
		{F725A270-338D-46FC-AE96-4318F9A5BCA3}.Release|Any CPU.Build.0 = Release|Any CPU
		{CFFD3B81-74BF-4F12-8AB1-F5BDDE4793FC}.Debug|Any CPU.ActiveCfg = Debug|Any CPU
		{CFFD3B81-74BF-4F12-8AB1-F5BDDE4793FC}.Debug|Any CPU.Build.0 = Debug|Any CPU
		{CFFD3B81-74BF-4F12-8AB1-F5BDDE4793FC}.Release|Any CPU.ActiveCfg = Release|Any CPU
		{CFFD3B81-74BF-4F12-8AB1-F5BDDE4793FC}.Release|Any CPU.Build.0 = Release|Any CPU
	EndGlobalSection
	GlobalSection(SolutionProperties) = preSolution
		HideSolutionNode = FALSE
	EndGlobalSection
	GlobalSection(ExtensibilityGlobals) = postSolution
		SolutionGuid = {441E14EF-F7F5-4980-AFAD-2C5BC223BC1E}
	EndGlobalSection
EndGlobal
